// !$*UTF8*$!
{
	archiveVersion = 1;
	classes = {
	};
	objectVersion = 56;
	objects = {

/* Begin PBXBuildFile section */
		60DCD5F029B8947400296EC4 /* AppDelegate.swift in Sources */ = {isa = PBXBuildFile; fileRef = 60DCD5EF29B8947400296EC4 /* AppDelegate.swift */; };
		60DCD5F229B8947400296EC4 /* SceneDelegate.swift in Sources */ = {isa = PBXBuildFile; fileRef = 60DCD5F129B8947400296EC4 /* SceneDelegate.swift */; };
		60DCD5F429B8947400296EC4 /* ViewController.swift in Sources */ = {isa = PBXBuildFile; fileRef = 60DCD5F329B8947400296EC4 /* ViewController.swift */; };
		60DCD5F729B8947400296EC4 /* Main.storyboard in Resources */ = {isa = PBXBuildFile; fileRef = 60DCD5F529B8947400296EC4 /* Main.storyboard */; };
		60DCD5F929B8947500296EC4 /* Assets.xcassets in Resources */ = {isa = PBXBuildFile; fileRef = 60DCD5F829B8947500296EC4 /* Assets.xcassets */; };
		60DCD5FC29B8947500296EC4 /* LaunchScreen.storyboard in Resources */ = {isa = PBXBuildFile; fileRef = 60DCD5FA29B8947500296EC4 /* LaunchScreen.storyboard */; };
		60DCD60729B8947500296EC4 /* News_AppTests.swift in Sources */ = {isa = PBXBuildFile; fileRef = 60DCD60629B8947500296EC4 /* News_AppTests.swift */; };
		60DCD61129B8947500296EC4 /* News_AppUITests.swift in Sources */ = {isa = PBXBuildFile; fileRef = 60DCD61029B8947500296EC4 /* News_AppUITests.swift */; };
		60DCD61329B8947500296EC4 /* News_AppUITestsLaunchTests.swift in Sources */ = {isa = PBXBuildFile; fileRef = 60DCD61229B8947500296EC4 /* News_AppUITestsLaunchTests.swift */; };
/* End PBXBuildFile section */

/* Begin PBXContainerItemProxy section */
		60DCD60329B8947500296EC4 /* PBXContainerItemProxy */ = {
			isa = PBXContainerItemProxy;
			containerPortal = 60DCD5E429B8947300296EC4 /* Project object */;
			proxyType = 1;
			remoteGlobalIDString = 60DCD5EB29B8947400296EC4;
			remoteInfo = News_App;
		};
		60DCD60D29B8947500296EC4 /* PBXContainerItemProxy */ = {
			isa = PBXContainerItemProxy;
			containerPortal = 60DCD5E429B8947300296EC4 /* Project object */;
			proxyType = 1;
			remoteGlobalIDString = 60DCD5EB29B8947400296EC4;
			remoteInfo = News_App;
		};
/* End PBXContainerItemProxy section */

/* Begin PBXFileReference section */
		60DCD5EC29B8947400296EC4 /* News_App.app */ = {isa = PBXFileReference; explicitFileType = wrapper.application; includeInIndex = 0; path = News_App.app; sourceTree = BUILT_PRODUCTS_DIR; };
		60DCD5EF29B8947400296EC4 /* AppDelegate.swift */ = {isa = PBXFileReference; lastKnownFileType = sourcecode.swift; path = AppDelegate.swift; sourceTree = "<group>"; };
		60DCD5F129B8947400296EC4 /* SceneDelegate.swift */ = {isa = PBXFileReference; lastKnownFileType = sourcecode.swift; path = SceneDelegate.swift; sourceTree = "<group>"; };
		60DCD5F329B8947400296EC4 /* ViewController.swift */ = {isa = PBXFileReference; lastKnownFileType = sourcecode.swift; path = ViewController.swift; sourceTree = "<group>"; };
		60DCD5F629B8947400296EC4 /* Base */ = {isa = PBXFileReference; lastKnownFileType = file.storyboard; name = Base; path = Base.lproj/Main.storyboard; sourceTree = "<group>"; };
		60DCD5F829B8947500296EC4 /* Assets.xcassets */ = {isa = PBXFileReference; lastKnownFileType = folder.assetcatalog; path = Assets.xcassets; sourceTree = "<group>"; };
		60DCD5FB29B8947500296EC4 /* Base */ = {isa = PBXFileReference; lastKnownFileType = file.storyboard; name = Base; path = Base.lproj/LaunchScreen.storyboard; sourceTree = "<group>"; };
		60DCD5FD29B8947500296EC4 /* Info.plist */ = {isa = PBXFileReference; lastKnownFileType = text.plist.xml; path = Info.plist; sourceTree = "<group>"; };
		60DCD60229B8947500296EC4 /* News_AppTests.xctest */ = {isa = PBXFileReference; explicitFileType = wrapper.cfbundle; includeInIndex = 0; path = News_AppTests.xctest; sourceTree = BUILT_PRODUCTS_DIR; };
		60DCD60629B8947500296EC4 /* News_AppTests.swift */ = {isa = PBXFileReference; lastKnownFileType = sourcecode.swift; path = News_AppTests.swift; sourceTree = "<group>"; };
		60DCD60C29B8947500296EC4 /* News_AppUITests.xctest */ = {isa = PBXFileReference; explicitFileType = wrapper.cfbundle; includeInIndex = 0; path = News_AppUITests.xctest; sourceTree = BUILT_PRODUCTS_DIR; };
		60DCD61029B8947500296EC4 /* News_AppUITests.swift */ = {isa = PBXFileReference; lastKnownFileType = sourcecode.swift; path = News_AppUITests.swift; sourceTree = "<group>"; };
		60DCD61229B8947500296EC4 /* News_AppUITestsLaunchTests.swift */ = {isa = PBXFileReference; lastKnownFileType = sourcecode.swift; path = News_AppUITestsLaunchTests.swift; sourceTree = "<group>"; };
/* End PBXFileReference section */

/* Begin PBXFrameworksBuildPhase section */
		60DCD5E929B8947400296EC4 /* Frameworks */ = {
			isa = PBXFrameworksBuildPhase;
			buildActionMask = 2147483647;
			files = (
			);
			runOnlyForDeploymentPostprocessing = 0;
		};
		60DCD5FF29B8947500296EC4 /* Frameworks */ = {
			isa = PBXFrameworksBuildPhase;
			buildActionMask = 2147483647;
			files = (
			);
			runOnlyForDeploymentPostprocessing = 0;
		};
		60DCD60929B8947500296EC4 /* Frameworks */ = {
			isa = PBXFrameworksBuildPhase;
			buildActionMask = 2147483647;
			files = (
			);
			runOnlyForDeploymentPostprocessing = 0;
		};
/* End PBXFrameworksBuildPhase section */

/* Begin PBXGroup section */
		60DCD5E329B8947300296EC4 = {
			isa = PBXGroup;
			children = (
				60DCD5EE29B8947400296EC4 /* News_App */,
				60DCD60529B8947500296EC4 /* News_AppTests */,
				60DCD60F29B8947500296EC4 /* News_AppUITests */,
				60DCD5ED29B8947400296EC4 /* Products */,
			);
			sourceTree = "<group>";
		};
		60DCD5ED29B8947400296EC4 /* Products */ = {
			isa = PBXGroup;
			children = (
				60DCD5EC29B8947400296EC4 /* News_App.app */,
				60DCD60229B8947500296EC4 /* News_AppTests.xctest */,
				60DCD60C29B8947500296EC4 /* News_AppUITests.xctest */,
			);
			name = Products;
			sourceTree = "<group>";
		};
		60DCD5EE29B8947400296EC4 /* News_App */ = {
			isa = PBXGroup;
			children = (
				60DCD5EF29B8947400296EC4 /* AppDelegate.swift */,
				60DCD5F129B8947400296EC4 /* SceneDelegate.swift */,
				60DCD5F329B8947400296EC4 /* ViewController.swift */,
				60DCD5F529B8947400296EC4 /* Main.storyboard */,
				60DCD5F829B8947500296EC4 /* Assets.xcassets */,
				60DCD5FA29B8947500296EC4 /* LaunchScreen.storyboard */,
				60DCD5FD29B8947500296EC4 /* Info.plist */,
			);
			path = News_App;
			sourceTree = "<group>";
		};
		60DCD60529B8947500296EC4 /* News_AppTests */ = {
			isa = PBXGroup;
			children = (
				60DCD60629B8947500296EC4 /* News_AppTests.swift */,
			);
			path = News_AppTests;
			sourceTree = "<group>";
		};
		60DCD60F29B8947500296EC4 /* News_AppUITests */ = {
			isa = PBXGroup;
			children = (
				60DCD61029B8947500296EC4 /* News_AppUITests.swift */,
				60DCD61229B8947500296EC4 /* News_AppUITestsLaunchTests.swift */,
			);
			path = News_AppUITests;
			sourceTree = "<group>";
		};
/* End PBXGroup section */

/* Begin PBXNativeTarget section */
		60DCD5EB29B8947400296EC4 /* News_App */ = {
			isa = PBXNativeTarget;
			buildConfigurationList = 60DCD61629B8947500296EC4 /* Build configuration list for PBXNativeTarget "News_App" */;
			buildPhases = (
				60DCD5E829B8947400296EC4 /* Sources */,
				60DCD5E929B8947400296EC4 /* Frameworks */,
				60DCD5EA29B8947400296EC4 /* Resources */,
			);
			buildRules = (
			);
			dependencies = (
			);
			name = News_App;
			productName = News_App;
			productReference = 60DCD5EC29B8947400296EC4 /* News_App.app */;
			productType = "com.apple.product-type.application";
		};
		60DCD60129B8947500296EC4 /* News_AppTests */ = {
			isa = PBXNativeTarget;
			buildConfigurationList = 60DCD61929B8947500296EC4 /* Build configuration list for PBXNativeTarget "News_AppTests" */;
			buildPhases = (
				60DCD5FE29B8947500296EC4 /* Sources */,
				60DCD5FF29B8947500296EC4 /* Frameworks */,
				60DCD60029B8947500296EC4 /* Resources */,
			);
			buildRules = (
			);
			dependencies = (
				60DCD60429B8947500296EC4 /* PBXTargetDependency */,
			);
			name = News_AppTests;
			productName = News_AppTests;
			productReference = 60DCD60229B8947500296EC4 /* News_AppTests.xctest */;
			productType = "com.apple.product-type.bundle.unit-test";
		};
		60DCD60B29B8947500296EC4 /* News_AppUITests */ = {
			isa = PBXNativeTarget;
			buildConfigurationList = 60DCD61C29B8947500296EC4 /* Build configuration list for PBXNativeTarget "News_AppUITests" */;
			buildPhases = (
				60DCD60829B8947500296EC4 /* Sources */,
				60DCD60929B8947500296EC4 /* Frameworks */,
				60DCD60A29B8947500296EC4 /* Resources */,
			);
			buildRules = (
			);
			dependencies = (
				60DCD60E29B8947500296EC4 /* PBXTargetDependency */,
			);
			name = News_AppUITests;
			productName = News_AppUITests;
			productReference = 60DCD60C29B8947500296EC4 /* News_AppUITests.xctest */;
			productType = "com.apple.product-type.bundle.ui-testing";
		};
/* End PBXNativeTarget section */

/* Begin PBXProject section */
		60DCD5E429B8947300296EC4 /* Project object */ = {
			isa = PBXProject;
			attributes = {
				BuildIndependentTargetsInParallel = 1;
				LastSwiftUpdateCheck = 1420;
				LastUpgradeCheck = 1420;
				TargetAttributes = {
					60DCD5EB29B8947400296EC4 = {
						CreatedOnToolsVersion = 14.2;
					};
					60DCD60129B8947500296EC4 = {
						CreatedOnToolsVersion = 14.2;
						TestTargetID = 60DCD5EB29B8947400296EC4;
					};
					60DCD60B29B8947500296EC4 = {
						CreatedOnToolsVersion = 14.2;
						TestTargetID = 60DCD5EB29B8947400296EC4;
					};
				};
			};
			buildConfigurationList = 60DCD5E729B8947300296EC4 /* Build configuration list for PBXProject "News_App" */;
			compatibilityVersion = "Xcode 14.0";
			developmentRegion = en;
			hasScannedForEncodings = 0;
			knownRegions = (
				en,
				Base,
			);
			mainGroup = 60DCD5E329B8947300296EC4;
			productRefGroup = 60DCD5ED29B8947400296EC4 /* Products */;
			projectDirPath = "";
			projectRoot = "";
			targets = (
				60DCD5EB29B8947400296EC4 /* News_App */,
				60DCD60129B8947500296EC4 /* News_AppTests */,
				60DCD60B29B8947500296EC4 /* News_AppUITests */,
			);
		};
/* End PBXProject section */

/* Begin PBXResourcesBuildPhase section */
		60DCD5EA29B8947400296EC4 /* Resources */ = {
			isa = PBXResourcesBuildPhase;
			buildActionMask = 2147483647;
			files = (
				60DCD5FC29B8947500296EC4 /* LaunchScreen.storyboard in Resources */,
				60DCD5F929B8947500296EC4 /* Assets.xcassets in Resources */,
				60DCD5F729B8947400296EC4 /* Main.storyboard in Resources */,
			);
			runOnlyForDeploymentPostprocessing = 0;
		};
		60DCD60029B8947500296EC4 /* Resources */ = {
			isa = PBXResourcesBuildPhase;
			buildActionMask = 2147483647;
			files = (
			);
			runOnlyForDeploymentPostprocessing = 0;
		};
		60DCD60A29B8947500296EC4 /* Resources */ = {
			isa = PBXResourcesBuildPhase;
			buildActionMask = 2147483647;
			files = (
			);
			runOnlyForDeploymentPostprocessing = 0;
		};
/* End PBXResourcesBuildPhase section */

/* Begin PBXSourcesBuildPhase section */
		60DCD5E829B8947400296EC4 /* Sources */ = {
			isa = PBXSourcesBuildPhase;
			buildActionMask = 2147483647;
			files = (
				60DCD5F429B8947400296EC4 /* ViewController.swift in Sources */,
				60DCD5F029B8947400296EC4 /* AppDelegate.swift in Sources */,
				60DCD5F229B8947400296EC4 /* SceneDelegate.swift in Sources */,
			);
			runOnlyForDeploymentPostprocessing = 0;
		};
		60DCD5FE29B8947500296EC4 /* Sources */ = {
			isa = PBXSourcesBuildPhase;
			buildActionMask = 2147483647;
			files = (
				60DCD60729B8947500296EC4 /* News_AppTests.swift in Sources */,
			);
			runOnlyForDeploymentPostprocessing = 0;
		};
		60DCD60829B8947500296EC4 /* Sources */ = {
			isa = PBXSourcesBuildPhase;
			buildActionMask = 2147483647;
			files = (
				60DCD61329B8947500296EC4 /* News_AppUITestsLaunchTests.swift in Sources */,
				60DCD61129B8947500296EC4 /* News_AppUITests.swift in Sources */,
			);
			runOnlyForDeploymentPostprocessing = 0;
		};
/* End PBXSourcesBuildPhase section */

/* Begin PBXTargetDependency section */
		60DCD60429B8947500296EC4 /* PBXTargetDependency */ = {
			isa = PBXTargetDependency;
			target = 60DCD5EB29B8947400296EC4 /* News_App */;
			targetProxy = 60DCD60329B8947500296EC4 /* PBXContainerItemProxy */;
		};
		60DCD60E29B8947500296EC4 /* PBXTargetDependency */ = {
			isa = PBXTargetDependency;
			target = 60DCD5EB29B8947400296EC4 /* News_App */;
			targetProxy = 60DCD60D29B8947500296EC4 /* PBXContainerItemProxy */;
		};
/* End PBXTargetDependency section */

/* Begin PBXVariantGroup section */
		60DCD5F529B8947400296EC4 /* Main.storyboard */ = {
			isa = PBXVariantGroup;
			children = (
				60DCD5F629B8947400296EC4 /* Base */,
			);
			name = Main.storyboard;
			sourceTree = "<group>";
		};
		60DCD5FA29B8947500296EC4 /* LaunchScreen.storyboard */ = {
			isa = PBXVariantGroup;
			children = (
				60DCD5FB29B8947500296EC4 /* Base */,
			);
			name = LaunchScreen.storyboard;
			sourceTree = "<group>";
		};
/* End PBXVariantGroup section */

/* Begin XCBuildConfiguration section */
		60DCD61429B8947500296EC4 /* Debug */ = {
			isa = XCBuildConfiguration;
			buildSettings = {
				ALWAYS_SEARCH_USER_PATHS = NO;
				CLANG_ANALYZER_NONNULL = YES;
				CLANG_ANALYZER_NUMBER_OBJECT_CONVERSION = YES_AGGRESSIVE;
				CLANG_CXX_LANGUAGE_STANDARD = "gnu++20";
				CLANG_ENABLE_MODULES = YES;
				CLANG_ENABLE_OBJC_ARC = YES;
				CLANG_ENABLE_OBJC_WEAK = YES;
				CLANG_WARN_BLOCK_CAPTURE_AUTORELEASING = YES;
				CLANG_WARN_BOOL_CONVERSION = YES;
				CLANG_WARN_COMMA = YES;
				CLANG_WARN_CONSTANT_CONVERSION = YES;
				CLANG_WARN_DEPRECATED_OBJC_IMPLEMENTATIONS = YES;
				CLANG_WARN_DIRECT_OBJC_ISA_USAGE = YES_ERROR;
				CLANG_WARN_DOCUMENTATION_COMMENTS = YES;
				CLANG_WARN_EMPTY_BODY = YES;
				CLANG_WARN_ENUM_CONVERSION = YES;
				CLANG_WARN_INFINITE_RECURSION = YES;
				CLANG_WARN_INT_CONVERSION = YES;
				CLANG_WARN_NON_LITERAL_NULL_CONVERSION = YES;
				CLANG_WARN_OBJC_IMPLICIT_RETAIN_SELF = YES;
				CLANG_WARN_OBJC_LITERAL_CONVERSION = YES;
				CLANG_WARN_OBJC_ROOT_CLASS = YES_ERROR;
				CLANG_WARN_QUOTED_INCLUDE_IN_FRAMEWORK_HEADER = YES;
				CLANG_WARN_RANGE_LOOP_ANALYSIS = YES;
				CLANG_WARN_STRICT_PROTOTYPES = YES;
				CLANG_WARN_SUSPICIOUS_MOVE = YES;
				CLANG_WARN_UNGUARDED_AVAILABILITY = YES_AGGRESSIVE;
				CLANG_WARN_UNREACHABLE_CODE = YES;
				CLANG_WARN__DUPLICATE_METHOD_MATCH = YES;
				COPY_PHASE_STRIP = NO;
				DEBUG_INFORMATION_FORMAT = dwarf;
				ENABLE_STRICT_OBJC_MSGSEND = YES;
				ENABLE_TESTABILITY = YES;
				GCC_C_LANGUAGE_STANDARD = gnu11;
				GCC_DYNAMIC_NO_PIC = NO;
				GCC_NO_COMMON_BLOCKS = YES;
				GCC_OPTIMIZATION_LEVEL = 0;
				GCC_PREPROCESSOR_DEFINITIONS = (
					"DEBUG=1",
					"$(inherited)",
				);
				GCC_WARN_64_TO_32_BIT_CONVERSION = YES;
				GCC_WARN_ABOUT_RETURN_TYPE = YES_ERROR;
				GCC_WARN_UNDECLARED_SELECTOR = YES;
				GCC_WARN_UNINITIALIZED_AUTOS = YES_AGGRESSIVE;
				GCC_WARN_UNUSED_FUNCTION = YES;
				GCC_WARN_UNUSED_VARIABLE = YES;
				IPHONEOS_DEPLOYMENT_TARGET = 16.2;
				MTL_ENABLE_DEBUG_INFO = INCLUDE_SOURCE;
				MTL_FAST_MATH = YES;
				ONLY_ACTIVE_ARCH = YES;
				SDKROOT = iphoneos;
				SWIFT_ACTIVE_COMPILATION_CONDITIONS = DEBUG;
				SWIFT_OPTIMIZATION_LEVEL = "-Onone";
			};
			name = Debug;
		};
		60DCD61529B8947500296EC4 /* Release */ = {
			isa = XCBuildConfiguration;
			buildSettings = {
				ALWAYS_SEARCH_USER_PATHS = NO;
				CLANG_ANALYZER_NONNULL = YES;
				CLANG_ANALYZER_NUMBER_OBJECT_CONVERSION = YES_AGGRESSIVE;
				CLANG_CXX_LANGUAGE_STANDARD = "gnu++20";
				CLANG_ENABLE_MODULES = YES;
				CLANG_ENABLE_OBJC_ARC = YES;
				CLANG_ENABLE_OBJC_WEAK = YES;
				CLANG_WARN_BLOCK_CAPTURE_AUTORELEASING = YES;
				CLANG_WARN_BOOL_CONVERSION = YES;
				CLANG_WARN_COMMA = YES;
				CLANG_WARN_CONSTANT_CONVERSION = YES;
				CLANG_WARN_DEPRECATED_OBJC_IMPLEMENTATIONS = YES;
				CLANG_WARN_DIRECT_OBJC_ISA_USAGE = YES_ERROR;
				CLANG_WARN_DOCUMENTATION_COMMENTS = YES;
				CLANG_WARN_EMPTY_BODY = YES;
				CLANG_WARN_ENUM_CONVERSION = YES;
				CLANG_WARN_INFINITE_RECURSION = YES;
				CLANG_WARN_INT_CONVERSION = YES;
				CLANG_WARN_NON_LITERAL_NULL_CONVERSION = YES;
				CLANG_WARN_OBJC_IMPLICIT_RETAIN_SELF = YES;
				CLANG_WARN_OBJC_LITERAL_CONVERSION = YES;
				CLANG_WARN_OBJC_ROOT_CLASS = YES_ERROR;
				CLANG_WARN_QUOTED_INCLUDE_IN_FRAMEWORK_HEADER = YES;
				CLANG_WARN_RANGE_LOOP_ANALYSIS = YES;
				CLANG_WARN_STRICT_PROTOTYPES = YES;
				CLANG_WARN_SUSPICIOUS_MOVE = YES;
				CLANG_WARN_UNGUARDED_AVAILABILITY = YES_AGGRESSIVE;
				CLANG_WARN_UNREACHABLE_CODE = YES;
				CLANG_WARN__DUPLICATE_METHOD_MATCH = YES;
				COPY_PHASE_STRIP = NO;
				DEBUG_INFORMATION_FORMAT = "dwarf-with-dsym";
				ENABLE_NS_ASSERTIONS = NO;
				ENABLE_STRICT_OBJC_MSGSEND = YES;
				GCC_C_LANGUAGE_STANDARD = gnu11;
				GCC_NO_COMMON_BLOCKS = YES;
				GCC_WARN_64_TO_32_BIT_CONVERSION = YES;
				GCC_WARN_ABOUT_RETURN_TYPE = YES_ERROR;
				GCC_WARN_UNDECLARED_SELECTOR = YES;
				GCC_WARN_UNINITIALIZED_AUTOS = YES_AGGRESSIVE;
				GCC_WARN_UNUSED_FUNCTION = YES;
				GCC_WARN_UNUSED_VARIABLE = YES;
				IPHONEOS_DEPLOYMENT_TARGET = 16.2;
				MTL_ENABLE_DEBUG_INFO = NO;
				MTL_FAST_MATH = YES;
				SDKROOT = iphoneos;
				SWIFT_COMPILATION_MODE = wholemodule;
				SWIFT_OPTIMIZATION_LEVEL = "-O";
				VALIDATE_PRODUCT = YES;
			};
			name = Release;
		};
		60DCD61729B8947500296EC4 /* Debug */ = {
			isa = XCBuildConfiguration;
			buildSettings = {
				ASSETCATALOG_COMPILER_APPICON_NAME = AppIcon;
				ASSETCATALOG_COMPILER_GLOBAL_ACCENT_COLOR_NAME = AccentColor;
				CODE_SIGN_STYLE = Automatic;
				CURRENT_PROJECT_VERSION = 1;
				DEVELOPMENT_TEAM = GHV68GYFRQ;
				GENERATE_INFOPLIST_FILE = YES;
				INFOPLIST_FILE = News_App/Info.plist;
				INFOPLIST_KEY_UIApplicationSupportsIndirectInputEvents = YES;
				INFOPLIST_KEY_UILaunchStoryboardName = LaunchScreen;
				INFOPLIST_KEY_UIMainStoryboardFile = Main;
				INFOPLIST_KEY_UISupportedInterfaceOrientations_iPad = "UIInterfaceOrientationPortrait UIInterfaceOrientationPortraitUpsideDown UIInterfaceOrientationLandscapeLeft UIInterfaceOrientationLandscapeRight";
				INFOPLIST_KEY_UISupportedInterfaceOrientations_iPhone = "UIInterfaceOrientationPortrait UIInterfaceOrientationLandscapeLeft UIInterfaceOrientationLandscapeRight";
				LD_RUNPATH_SEARCH_PATHS = (
					"$(inherited)",
					"@executable_path/Frameworks",
				);
				MARKETING_VERSION = 1.0;
				PRODUCT_BUNDLE_IDENTIFIER = "com.richt.News-App";
				PRODUCT_NAME = "$(TARGET_NAME)";
				SWIFT_EMIT_LOC_STRINGS = YES;
				SWIFT_VERSION = 5.0;
				TARGETED_DEVICE_FAMILY = "1,2";
			};
			name = Debug;
		};
		60DCD61829B8947500296EC4 /* Release */ = {
			isa = XCBuildConfiguration;
			buildSettings = {
				ASSETCATALOG_COMPILER_APPICON_NAME = AppIcon;
				ASSETCATALOG_COMPILER_GLOBAL_ACCENT_COLOR_NAME = AccentColor;
				CODE_SIGN_STYLE = Automatic;
				CURRENT_PROJECT_VERSION = 1;
				DEVELOPMENT_TEAM = GHV68GYFRQ;
				GENERATE_INFOPLIST_FILE = YES;
				INFOPLIST_FILE = News_App/Info.plist;
				INFOPLIST_KEY_UIApplicationSupportsIndirectInputEvents = YES;
				INFOPLIST_KEY_UILaunchStoryboardName = LaunchScreen;
				INFOPLIST_KEY_UIMainStoryboardFile = Main;
				INFOPLIST_KEY_UISupportedInterfaceOrientations_iPad = "UIInterfaceOrientationPortrait UIInterfaceOrientationPortraitUpsideDown UIInterfaceOrientationLandscapeLeft UIInterfaceOrientationLandscapeRight";
				INFOPLIST_KEY_UISupportedInterfaceOrientations_iPhone = "UIInterfaceOrientationPortrait UIInterfaceOrientationLandscapeLeft UIInterfaceOrientationLandscapeRight";
				LD_RUNPATH_SEARCH_PATHS = (
					"$(inherited)",
					"@executable_path/Frameworks",
				);
				MARKETING_VERSION = 1.0;
				PRODUCT_BUNDLE_IDENTIFIER = "com.richt.News-App";
				PRODUCT_NAME = "$(TARGET_NAME)";
				SWIFT_EMIT_LOC_STRINGS = YES;
				SWIFT_VERSION = 5.0;
				TARGETED_DEVICE_FAMILY = "1,2";
			};
			name = Release;
		};
		60DCD61A29B8947500296EC4 /* Debug */ = {
			isa = XCBuildConfiguration;
			buildSettings = {
				ALWAYS_EMBED_SWIFT_STANDARD_LIBRARIES = YES;
				BUNDLE_LOADER = "$(TEST_HOST)";
				CODE_SIGN_STYLE = Automatic;
				CURRENT_PROJECT_VERSION = 1;
				DEVELOPMENT_TEAM = GHV68GYFRQ;
				GENERATE_INFOPLIST_FILE = YES;
				IPHONEOS_DEPLOYMENT_TARGET = 16.2;
				MARKETING_VERSION = 1.0;
				PRODUCT_BUNDLE_IDENTIFIER = "com.richt.News-AppTests";
				PRODUCT_NAME = "$(TARGET_NAME)";
				SWIFT_EMIT_LOC_STRINGS = NO;
				SWIFT_VERSION = 5.0;
				TARGETED_DEVICE_FAMILY = "1,2";
				TEST_HOST = "$(BUILT_PRODUCTS_DIR)/News_App.app/$(BUNDLE_EXECUTABLE_FOLDER_PATH)/News_App";
			};
			name = Debug;
		};
		60DCD61B29B8947500296EC4 /* Release */ = {
			isa = XCBuildConfiguration;
			buildSettings = {
				ALWAYS_EMBED_SWIFT_STANDARD_LIBRARIES = YES;
				BUNDLE_LOADER = "$(TEST_HOST)";
				CODE_SIGN_STYLE = Automatic;
				CURRENT_PROJECT_VERSION = 1;
				DEVELOPMENT_TEAM = GHV68GYFRQ;
				GENERATE_INFOPLIST_FILE = YES;
				IPHONEOS_DEPLOYMENT_TARGET = 16.2;
				MARKETING_VERSION = 1.0;
				PRODUCT_BUNDLE_IDENTIFIER = "com.richt.News-AppTests";
				PRODUCT_NAME = "$(TARGET_NAME)";
				SWIFT_EMIT_LOC_STRINGS = NO;
				SWIFT_VERSION = 5.0;
				TARGETED_DEVICE_FAMILY = "1,2";
				TEST_HOST = "$(BUILT_PRODUCTS_DIR)/News_App.app/$(BUNDLE_EXECUTABLE_FOLDER_PATH)/News_App";
			};
			name = Release;
		};
		60DCD61D29B8947500296EC4 /* Debug */ = {
			isa = XCBuildConfiguration;
			buildSettings = {
				ALWAYS_EMBED_SWIFT_STANDARD_LIBRARIES = YES;
				CODE_SIGN_STYLE = Automatic;
				CURRENT_PROJECT_VERSION = 1;
				DEVELOPMENT_TEAM = GHV68GYFRQ;
				GENERATE_INFOPLIST_FILE = YES;
				MARKETING_VERSION = 1.0;
				PRODUCT_BUNDLE_IDENTIFIER = "com.richt.News-AppUITests";
				PRODUCT_NAME = "$(TARGET_NAME)";
				SWIFT_EMIT_LOC_STRINGS = NO;
				SWIFT_VERSION = 5.0;
				TARGETED_DEVICE_FAMILY = "1,2";
				TEST_TARGET_NAME = News_App;
			};
			name = Debug;
		};
		60DCD61E29B8947500296EC4 /* Release */ = {
			isa = XCBuildConfiguration;
			buildSettings = {
				ALWAYS_EMBED_SWIFT_STANDARD_LIBRARIES = YES;
				CODE_SIGN_STYLE = Automatic;
				CURRENT_PROJECT_VERSION = 1;
				DEVELOPMENT_TEAM = GHV68GYFRQ;
				GENERATE_INFOPLIST_FILE = YES;
				MARKETING_VERSION = 1.0;
				PRODUCT_BUNDLE_IDENTIFIER = "com.richt.News-AppUITests";
				PRODUCT_NAME = "$(TARGET_NAME)";
				SWIFT_EMIT_LOC_STRINGS = NO;
				SWIFT_VERSION = 5.0;
				TARGETED_DEVICE_FAMILY = "1,2";
				TEST_TARGET_NAME = News_App;
			};
			name = Release;
		};
/* End XCBuildConfiguration section */

/* Begin XCConfigurationList section */
		60DCD5E729B8947300296EC4 /* Build configuration list for PBXProject "News_App" */ = {
			isa = XCConfigurationList;
			buildConfigurations = (
				60DCD61429B8947500296EC4 /* Debug */,
				60DCD61529B8947500296EC4 /* Release */,
			);
			defaultConfigurationIsVisible = 0;
			defaultConfigurationName = Release;
		};
		60DCD61629B8947500296EC4 /* Build configuration list for PBXNativeTarget "News_App" */ = {
			isa = XCConfigurationList;
			buildConfigurations = (
				60DCD61729B8947500296EC4 /* Debug */,
				60DCD61829B8947500296EC4 /* Release */,
			);
			defaultConfigurationIsVisible = 0;
			defaultConfigurationName = Release;
		};
		60DCD61929B8947500296EC4 /* Build configuration list for PBXNativeTarget "News_AppTests" */ = {
			isa = XCConfigurationList;
			buildConfigurations = (
				60DCD61A29B8947500296EC4 /* Debug */,
				60DCD61B29B8947500296EC4 /* Release */,
			);
			defaultConfigurationIsVisible = 0;
			defaultConfigurationName = Release;
		};
		60DCD61C29B8947500296EC4 /* Build configuration list for PBXNativeTarget "News_AppUITests" */ = {
			isa = XCConfigurationList;
			buildConfigurations = (
				60DCD61D29B8947500296EC4 /* Debug */,
				60DCD61E29B8947500296EC4 /* Release */,
			);
			defaultConfigurationIsVisible = 0;
			defaultConfigurationName = Release;
		};
/* End XCConfigurationList section */
	};
	rootObject = 60DCD5E429B8947300296EC4 /* Project object */;
}
